# @generated - this file is auto-generated by `mise lock` https://mise.en.dev/dev-tools/mise-lock.html

lockfile_version = 3

[[tools.actionlint]]
version = "1.7.12"
backend = "aqua:rhysd/actionlint"
specifiers = ["1.7.12"]

[tools.actionlint."platforms.linux-arm64"]
checksum = "sha256:325e971b6ba9bfa504672e29be93c24981eeb1c07576d730e9f7c8805afff0c6"
url = "https://github.com/rhysd/actionlint/releases/download/v1.7.12/actionlint_1.7.12_linux_arm64.tar.gz"
url_api = "https://api.github.com/repos/rhysd/actionlint/releases/assets/384924897"
provenance = "github-attestations"

[tools.actionlint."platforms.linux-arm64-musl"]
checksum = "sha256:325e971b6ba9bfa504672e29be93c24981eeb1c07576d730e9f7c8805afff0c6"
url = "https://github.com/rhysd/actionlint/releases/download/v1.7.12/actionlint_1.7.12_linux_arm64.tar.gz"
url_api = "https://api.github.com/repos/rhysd/actionlint/releases/assets/384924897"
provenance = "github-attestations"

[tools.actionlint."platforms.linux-x64"]
checksum = "sha256:8aca8db96f1b94770f1b0d72b6dddcb1ebb8123cb3712530b08cc387b349a3d8"
url = "https://github.com/rhysd/actionlint/releases/download/v1.7.12/actionlint_1.7.12_linux_amd64.tar.gz"
url_api = "https://api.github.com/repos/rhysd/actionlint/releases/assets/384924896"
provenance = "github-attestations"

[tools.actionlint."platforms.linux-x64-baseline"]
checksum = "sha256:8aca8db96f1b94770f1b0d72b6dddcb1ebb8123cb3712530b08cc387b349a3d8"
url = "https://github.com/rhysd/actionlint/releases/download/v1.7.12/actionlint_1.7.12_linux_amd64.tar.gz"
url_api = "https://api.github.com/repos/rhysd/actionlint/releases/assets/384924896"
provenance = "github-attestations"

[tools.actionlint."platforms.linux-x64-musl"]
checksum = "sha256:8aca8db96f1b94770f1b0d72b6dddcb1ebb8123cb3712530b08cc387b349a3d8"
url = "https://github.com/rhysd/actionlint/releases/download/v1.7.12/actionlint_1.7.12_linux_amd64.tar.gz"
url_api = "https://api.github.com/repos/rhysd/actionlint/releases/assets/384924896"
provenance = "github-attestations"

[tools.actionlint."platforms.linux-x64-musl-baseline"]
checksum = "sha256:8aca8db96f1b94770f1b0d72b6dddcb1ebb8123cb3712530b08cc387b349a3d8"
url = "https://github.com/rhysd/actionlint/releases/download/v1.7.12/actionlint_1.7.12_linux_amd64.tar.gz"
url_api = "https://api.github.com/repos/rhysd/actionlint/releases/assets/384924896"
provenance = "github-attestations"

[tools.actionlint."platforms.macos-arm64"]
checksum = "sha256:aba9ced2dee8d27fecca3dc7feb1a7f9a52caefa1eb46f3271ea66b6e0e6953f"
url = "https://github.com/rhysd/actionlint/releases/download/v1.7.12/actionlint_1.7.12_darwin_arm64.tar.gz"
url_api = "https://api.github.com/repos/rhysd/actionlint/releases/assets/384924893"
provenance = "github-attestations"

[tools.actionlint."platforms.macos-x64"]
checksum = "sha256:5b44c3bc2255115c9b69e30efc0fecdf498fdb63c5d58e17084fd5f16324c644"
url = "https://github.com/rhysd/actionlint/releases/download/v1.7.12/actionlint_1.7.12_darwin_amd64.tar.gz"
url_api = "https://api.github.com/repos/rhysd/actionlint/releases/assets/384924880"
provenance = "github-attestations"

[tools.actionlint."platforms.macos-x64-baseline"]
checksum = "sha256:5b44c3bc2255115c9b69e30efc0fecdf498fdb63c5d58e17084fd5f16324c644"
url = "https://github.com/rhysd/actionlint/releases/download/v1.7.12/actionlint_1.7.12_darwin_amd64.tar.gz"
url_api = "https://api.github.com/repos/rhysd/actionlint/releases/assets/384924880"
provenance = "github-attestations"

[[tools."aqua:nextest-rs/nextest/cargo-nextest"]]
version = "0.9.146"
backend = "aqua:nextest-rs/nextest/cargo-nextest"
specifiers = ["0.9.146"]

[tools."aqua:nextest-rs/nextest/cargo-nextest"."platforms.linux-arm64"]
checksum = "sha256:b2e33d7c72de7ade0ff7b3a948ac37516b24f8a836b7a8870c1f634a94be9de9"
url = "https://github.com/nextest-rs/nextest/releases/download/cargo-nextest-0.9.146/cargo-nextest-0.9.146-aarch64-unknown-linux-gnu.tar.gz"
url_api = "https://api.github.com/repos/nextest-rs/nextest/releases/assets/579608024"

[tools."aqua:nextest-rs/nextest/cargo-nextest"."platforms.linux-arm64-musl"]
checksum = "sha256:b2e33d7c72de7ade0ff7b3a948ac37516b24f8a836b7a8870c1f634a94be9de9"
url = "https://github.com/nextest-rs/nextest/releases/download/cargo-nextest-0.9.146/cargo-nextest-0.9.146-aarch64-unknown-linux-gnu.tar.gz"
url_api = "https://api.github.com/repos/nextest-rs/nextest/releases/assets/579608024"

[tools."aqua:nextest-rs/nextest/cargo-nextest"."platforms.linux-x64"]
checksum = "sha256:682c21b777c333e96fd532e114d3a5a894e0729ab88d94c0a9f20f8419695428"
url = "https://github.com/nextest-rs/nextest/releases/download/cargo-nextest-0.9.146/cargo-nextest-0.9.146-x86_64-unknown-linux-gnu.tar.gz"
url_api = "https://api.github.com/repos/nextest-rs/nextest/releases/assets/579609342"

[tools."aqua:nextest-rs/nextest/cargo-nextest"."platforms.linux-x64-baseline"]
checksum = "sha256:682c21b777c333e96fd532e114d3a5a894e0729ab88d94c0a9f20f8419695428"
url = "https://github.com/nextest-rs/nextest/releases/download/cargo-nextest-0.9.146/cargo-nextest-0.9.146-x86_64-unknown-linux-gnu.tar.gz"
url_api = "https://api.github.com/repos/nextest-rs/nextest/releases/assets/579609342"

[tools."aqua:nextest-rs/nextest/cargo-nextest"."platforms.linux-x64-musl"]
checksum = "sha256:b64617e8640624e8f9ba99819e37d7971154e97836d7ae4774fed4715501a6aa"
url = "https://github.com/nextest-rs/nextest/releases/download/cargo-nextest-0.9.146/cargo-nextest-0.9.146-x86_64-unknown-linux-musl.tar.gz"
url_api = "https://api.github.com/repos/nextest-rs/nextest/releases/assets/579610024"

[tools."aqua:nextest-rs/nextest/cargo-nextest"."platforms.linux-x64-musl-baseline"]
checksum = "sha256:b64617e8640624e8f9ba99819e37d7971154e97836d7ae4774fed4715501a6aa"
url = "https://github.com/nextest-rs/nextest/releases/download/cargo-nextest-0.9.146/cargo-nextest-0.9.146-x86_64-unknown-linux-musl.tar.gz"
url_api = "https://api.github.com/repos/nextest-rs/nextest/releases/assets/579610024"

[tools."aqua:nextest-rs/nextest/cargo-nextest"."platforms.macos-arm64"]
checksum = "sha256:39785160b3c2f6ed9a765049cf4fa79f3b39aa02eb7598a5a0e2a1a0b9ffb9a8"
url = "https://github.com/nextest-rs/nextest/releases/download/cargo-nextest-0.9.146/cargo-nextest-0.9.146-universal-apple-darwin.tar.gz"
url_api = "https://api.github.com/repos/nextest-rs/nextest/releases/assets/579630774"

[tools."aqua:nextest-rs/nextest/cargo-nextest"."platforms.macos-x64"]
checksum = "sha256:39785160b3c2f6ed9a765049cf4fa79f3b39aa02eb7598a5a0e2a1a0b9ffb9a8"
url = "https://github.com/nextest-rs/nextest/releases/download/cargo-nextest-0.9.146/cargo-nextest-0.9.146-universal-apple-darwin.tar.gz"
url_api = "https://api.github.com/repos/nextest-rs/nextest/releases/assets/579630774"

[tools."aqua:nextest-rs/nextest/cargo-nextest"."platforms.macos-x64-baseline"]
checksum = "sha256:39785160b3c2f6ed9a765049cf4fa79f3b39aa02eb7598a5a0e2a1a0b9ffb9a8"
url = "https://github.com/nextest-rs/nextest/releases/download/cargo-nextest-0.9.146/cargo-nextest-0.9.146-universal-apple-darwin.tar.gz"
url_api = "https://api.github.com/repos/nextest-rs/nextest/releases/assets/579630774"

[[tools.bun]]
version = "1.4.2"
backend = "core:bun"
specifiers = ["1.4.2"]

[tools.bun."platforms.linux-arm64"]
checksum = "sha256:54328bbc2d9c8e0c9f892c544d66c57a83b84139e34909e5ee81758f1ac8fda7"
url = "https://github.com/oven-sh/bun/releases/download/bun-v1.4.2/bun-linux-aarch64.zip"

[tools.bun."platforms.linux-arm64-musl"]
checksum = "sha256:71760b6c8ea30623b81a4907cb815d48e2ea266f2e73e751534a44a0607950df"
url = "https://github.com/oven-sh/bun/releases/download/bun-v1.4.2/bun-linux-aarch64-musl.zip"

[tools.bun."platforms.linux-x64"]
checksum = "sha256:36368faef7527875d5ffa52e53cd48021741f2a83eb6208a8dd64068d422a913"
url = "https://github.com/oven-sh/bun/releases/download/bun-v1.4.2/bun-linux-x64.zip"

[tools.bun."platforms.linux-x64-baseline"]
checksum = "sha256:c678040f14fe0440eb839d37cbd0ce4c051a32da72806ac97de6a6aab6bf728f"
url = "https://github.com/oven-sh/bun/releases/download/bun-v1.4.2/bun-linux-x64-baseline.zip"

[tools.bun."platforms.linux-x64-musl"]
checksum = "sha256:4835eca59d6da70f4674f5642f6e459dcadab773695b2ed9922d131057989742"
url = "https://github.com/oven-sh/bun/releases/download/bun-v1.4.2/bun-linux-x64-musl.zip"

[tools.bun."platforms.linux-x64-musl-baseline"]
checksum = "sha256:76e1db84e98f22f78de0a87e309bfbbf297732847f9720db36750646c85c8c18"
url = "https://github.com/oven-sh/bun/releases/download/bun-v1.4.2/bun-linux-x64-musl-baseline.zip"

[tools.bun."platforms.macos-arm64"]
checksum = "sha256:90987a3a16d7db556d886ac3d551e7b6d3edf0a1cf43acaed622e8676be1d12f"
url = "https://github.com/oven-sh/bun/releases/download/bun-v1.4.2/bun-darwin-aarch64.zip"

[tools.bun."platforms.macos-x64"]
checksum = "sha256:80520d7e17526308c9185d261679ac6d27798d3803a0e9f7ff9121ab8affb012"
url = "https://github.com/oven-sh/bun/releases/download/bun-v1.4.2/bun-darwin-x64.zip"

[tools.bun."platforms.macos-x64-baseline"]
checksum = "sha256:bad5bbd6cf14d0980d115f5954c9ff904df619d5e994d2da1ffccd3f316300b0"
url = "https://github.com/oven-sh/bun/releases/download/bun-v1.4.2/bun-darwin-x64-baseline.zip"

[[tools.cargo-binstall]]
version = "1.25.1"
backend = "aqua:cargo-bins/cargo-binstall"
specifiers = ["1.25.1"]

[tools.cargo-binstall."platforms.linux-arm64"]
checksum = "sha256:0c209d4fecaf428358b1a798d35e2372c98a9a5513c541ba08450c2ba1b2bf69"
url = "https://github.com/cargo-bins/cargo-binstall/releases/download/v1.25.1/cargo-binstall-aarch64-unknown-linux-gnu.tgz"
url_api = "https://api.github.com/repos/cargo-bins/cargo-binstall/releases/assets/607778085"
provenance = "github-attestations"

[tools.cargo-binstall."platforms.linux-arm64-musl"]
checksum = "sha256:87495c6a6e921e02dd9ccf4dc8cc0a9b3a8d7ae8a07681f7f99bbcf306f42fdd"
url = "https://github.com/cargo-bins/cargo-binstall/releases/download/v1.25.1/cargo-binstall-aarch64-unknown-linux-musl.tgz"
url_api = "https://api.github.com/repos/cargo-bins/cargo-binstall/releases/assets/607777995"
provenance = "github-attestations"

[tools.cargo-binstall."platforms.linux-x64"]
checksum = "sha256:7566158bf76a99974e081abe442978b8a3e5f4e834ee8247d847902b588b2133"
url = "https://github.com/cargo-bins/cargo-binstall/releases/download/v1.25.1/cargo-binstall-x86_64-unknown-linux-gnu.tgz"
url_api = "https://api.github.com/repos/cargo-bins/cargo-binstall/releases/assets/607777440"
provenance = "github-attestations"

[tools.cargo-binstall."platforms.linux-x64-baseline"]
checksum = "sha256:7566158bf76a99974e081abe442978b8a3e5f4e834ee8247d847902b588b2133"
url = "https://github.com/cargo-bins/cargo-binstall/releases/download/v1.25.1/cargo-binstall-x86_64-unknown-linux-gnu.tgz"
url_api = "https://api.github.com/repos/cargo-bins/cargo-binstall/releases/assets/607777440"
provenance = "github-attestations"

[tools.cargo-binstall."platforms.linux-x64-musl"]
checksum = "sha256:8e06c41af972f9922f28c6ae467e41ffa9b0688d563d0aabd0dcbd5244ab849b"
url = "https://github.com/cargo-bins/cargo-binstall/releases/download/v1.25.1/cargo-binstall-x86_64-unknown-linux-musl.tgz"
url_api = "https://api.github.com/repos/cargo-bins/cargo-binstall/releases/assets/607777371"
provenance = "github-attestations"

[tools.cargo-binstall."platforms.linux-x64-musl-baseline"]
checksum = "sha256:8e06c41af972f9922f28c6ae467e41ffa9b0688d563d0aabd0dcbd5244ab849b"
url = "https://github.com/cargo-bins/cargo-binstall/releases/download/v1.25.1/cargo-binstall-x86_64-unknown-linux-musl.tgz"
url_api = "https://api.github.com/repos/cargo-bins/cargo-binstall/releases/assets/607777371"
provenance = "github-attestations"

[tools.cargo-binstall."platforms.macos-arm64"]
checksum = "sha256:44fc93543677e08d9e591d7c72a0b0346049ff249816814335da864e588f0413"
url = "https://github.com/cargo-bins/cargo-binstall/releases/download/v1.25.1/cargo-binstall-aarch64-apple-darwin.zip"
url_api = "https://api.github.com/repos/cargo-bins/cargo-binstall/releases/assets/607778292"
provenance = "github-attestations"

[tools.cargo-binstall."platforms.macos-x64"]
checksum = "sha256:0f39bb6dcb534ffe20d5cee7e0c131451eb721ca6c6b962418d1fc1a48d5917d"
url = "https://github.com/cargo-bins/cargo-binstall/releases/download/v1.25.1/cargo-binstall-x86_64-apple-darwin.zip"
url_api = "https://api.github.com/repos/cargo-bins/cargo-binstall/releases/assets/607777587"
provenance = "github-attestations"

[tools.cargo-binstall."platforms.macos-x64-baseline"]
checksum = "sha256:0f39bb6dcb534ffe20d5cee7e0c131451eb721ca6c6b962418d1fc1a48d5917d"
url = "https://github.com/cargo-bins/cargo-binstall/releases/download/v1.25.1/cargo-binstall-x86_64-apple-darwin.zip"
url_api = "https://api.github.com/repos/cargo-bins/cargo-binstall/releases/assets/607777587"
provenance = "github-attestations"

[[tools."cargo:boltffi_cli"]]
version = "0.31.0"
backend = "cargo:boltffi_cli"
specifiers = ["0.31.0"]

[[tools."cargo:cargo-audit"]]
version = "0.22.2"
backend = "cargo:cargo-audit"
specifiers = ["0.22.2"]

[[tools."cargo:cargo-deny"]]
version = "0.20.2"
backend = "cargo:cargo-deny"
specifiers = ["0.20.2"]

[[tools."cargo:cargo-dylint"]]
version = "6.1.0"
backend = "cargo:cargo-dylint"
specifiers = ["6.1.0"]

[[tools."cargo:cargo-fuzz"]]
version = "0.13.2"
backend = "cargo:cargo-fuzz"
specifiers = ["0.13.2"]

[[tools."cargo:cargo-hack"]]
version = "0.6.45"
backend = "cargo:cargo-hack"
specifiers = ["0.6.45"]

[[tools."cargo:cargo-hakari"]]
version = "0.9.39"
backend = "cargo:cargo-hakari"
specifiers = ["0.9.39"]

[[tools."cargo:cargo-llvm-cov"]]
version = "0.9.1"
backend = "cargo:cargo-llvm-cov"
specifiers = ["0.9.1"]

[[tools."cargo:cargo-mutants"]]
version = "27.1.0"
backend = "cargo:cargo-mutants"
specifiers = ["27.1.0"]

[[tools."cargo:cargo-shear"]]
version = "1.14.0"
backend = "cargo:cargo-shear"
specifiers = ["1.14.0"]

[[tools."cargo:cargo-zigbuild"]]
version = "0.23.4"
backend = "cargo:cargo-zigbuild"
specifiers = ["0.23.4"]

[[tools."cargo:dylint-link"]]
version = "6.1.0"
backend = "cargo:dylint-link"
specifiers = ["6.1.0"]

[[tools.cosign]]
version = "3.1.3"
backend = "aqua:sigstore/cosign"
specifiers = ["3.1.3"]

[tools.cosign."platforms.linux-arm64"]
checksum = "sha256:c5d324e091826b0d7a78eb16fef316450b4eb9aaec045611c08ba06f5e73220a"
url = "https://github.com/sigstore/cosign/releases/download/v3.1.3/cosign-linux-arm64"
url_api = "https://api.github.com/repos/sigstore/cosign/releases/assets/503286299"
provenance = "cosign"

[tools.cosign."platforms.linux-arm64-musl"]
checksum = "sha256:c5d324e091826b0d7a78eb16fef316450b4eb9aaec045611c08ba06f5e73220a"
url = "https://github.com/sigstore/cosign/releases/download/v3.1.3/cosign-linux-arm64"
url_api = "https://api.github.com/repos/sigstore/cosign/releases/assets/503286299"
provenance = "cosign"

[tools.cosign."platforms.linux-x64"]
checksum = "sha256:4629c757b7618056f8ddd7e2625ae9fdd94c0372a65049520bc7d9df9efc7f71"
url = "https://github.com/sigstore/cosign/releases/download/v3.1.3/cosign-linux-amd64"
url_api = "https://api.github.com/repos/sigstore/cosign/releases/assets/503286005"
provenance = "cosign"

[tools.cosign."platforms.linux-x64-baseline"]
checksum = "sha256:4629c757b7618056f8ddd7e2625ae9fdd94c0372a65049520bc7d9df9efc7f71"
url = "https://github.com/sigstore/cosign/releases/download/v3.1.3/cosign-linux-amd64"
url_api = "https://api.github.com/repos/sigstore/cosign/releases/assets/503286005"
provenance = "cosign"

[tools.cosign."platforms.linux-x64-musl"]
checksum = "sha256:4629c757b7618056f8ddd7e2625ae9fdd94c0372a65049520bc7d9df9efc7f71"
url = "https://github.com/sigstore/cosign/releases/download/v3.1.3/cosign-linux-amd64"
url_api = "https://api.github.com/repos/sigstore/cosign/releases/assets/503286005"
provenance = "cosign"

[tools.cosign."platforms.linux-x64-musl-baseline"]
checksum = "sha256:4629c757b7618056f8ddd7e2625ae9fdd94c0372a65049520bc7d9df9efc7f71"
url = "https://github.com/sigstore/cosign/releases/download/v3.1.3/cosign-linux-amd64"
url_api = "https://api.github.com/repos/sigstore/cosign/releases/assets/503286005"
provenance = "cosign"

[tools.cosign."platforms.macos-arm64"]
checksum = "sha256:5cf948c2f4dfe59687bdd0b8523709067383e03982cc543475c8a7dc70e92a76"
url = "https://github.com/sigstore/cosign/releases/download/v3.1.3/cosign-darwin-arm64"
url_api = "https://api.github.com/repos/sigstore/cosign/releases/assets/503286205"
provenance = "cosign"

[tools.cosign."platforms.macos-x64"]
checksum = "sha256:2347488e5d5b25336644024dfeca5601b190e91197a71a917bda44744aff106c"
url = "https://github.com/sigstore/cosign/releases/download/v3.1.3/cosign-darwin-amd64"
url_api = "https://api.github.com/repos/sigstore/cosign/releases/assets/503286177"
provenance = "cosign"

[tools.cosign."platforms.macos-x64-baseline"]
checksum = "sha256:2347488e5d5b25336644024dfeca5601b190e91197a71a917bda44744aff106c"
url = "https://github.com/sigstore/cosign/releases/download/v3.1.3/cosign-darwin-amd64"
url_api = "https://api.github.com/repos/sigstore/cosign/releases/assets/503286177"
provenance = "cosign"

[[tools."github:open-telemetry/weaver"]]
version = "0.27.0"
backend = "github:open-telemetry/weaver"
specifiers = ["0.27.0"]

[tools."github:open-telemetry/weaver"."platforms.linux-arm64"]
checksum = "sha256:5bb1ebc3c5c06ee0ceac8c65243805fe819b1484cb2ca1c22d9941f53c989962"
url = "https://github.com/open-telemetry/weaver/releases/download/v0.27.0/weaver-aarch64-unknown-linux-gnu.tar.xz"
url_api = "https://api.github.com/repos/open-telemetry/weaver/releases/assets/608793681"
provenance = "github-attestations"

[tools."github:open-telemetry/weaver"."platforms.linux-arm64-musl"]
checksum = "sha256:4a1c170f8901f81ff34a780b6a3546fc0eeb3763aaef9856a0e4ce793367e679"
url = "https://github.com/open-telemetry/weaver/releases/download/v0.27.0/weaver-aarch64-unknown-linux-musl.tar.xz"
url_api = "https://api.github.com/repos/open-telemetry/weaver/releases/assets/608793691"
provenance = "github-attestations"

[tools."github:open-telemetry/weaver"."platforms.linux-x64"]
checksum = "sha256:7e497eb48215a5240a0bf77747cf431596c468f1039d481807b1f1e096cb5ac2"
url = "https://github.com/open-telemetry/weaver/releases/download/v0.27.0/weaver-x86_64-unknown-linux-gnu.tar.xz"
url_api = "https://api.github.com/repos/open-telemetry/weaver/releases/assets/608793730"
provenance = "github-attestations"

[tools."github:open-telemetry/weaver"."platforms.linux-x64-baseline"]
checksum = "sha256:7e497eb48215a5240a0bf77747cf431596c468f1039d481807b1f1e096cb5ac2"
url = "https://github.com/open-telemetry/weaver/releases/download/v0.27.0/weaver-x86_64-unknown-linux-gnu.tar.xz"
url_api = "https://api.github.com/repos/open-telemetry/weaver/releases/assets/608793730"
provenance = "github-attestations"

[tools."github:open-telemetry/weaver"."platforms.linux-x64-musl"]
checksum = "sha256:626e0ce79d8a10150469126e804d01ce8ea86435b4e925207b131dd87ee2e4fb"
url = "https://github.com/open-telemetry/weaver/releases/download/v0.27.0/weaver-x86_64-unknown-linux-musl.tar.xz"
url_api = "https://api.github.com/repos/open-telemetry/weaver/releases/assets/608793741"
provenance = "github-attestations"

[tools."github:open-telemetry/weaver"."platforms.linux-x64-musl-baseline"]
checksum = "sha256:626e0ce79d8a10150469126e804d01ce8ea86435b4e925207b131dd87ee2e4fb"
url = "https://github.com/open-telemetry/weaver/releases/download/v0.27.0/weaver-x86_64-unknown-linux-musl.tar.xz"
url_api = "https://api.github.com/repos/open-telemetry/weaver/releases/assets/608793741"
provenance = "github-attestations"

[tools."github:open-telemetry/weaver"."platforms.macos-arm64"]
checksum = "sha256:11c9ce7364b21c9d73a02dc3e448346a2b1db4a06ae6d045cb383eecbfa700b2"
url = "https://github.com/open-telemetry/weaver/releases/download/v0.27.0/weaver-aarch64-apple-darwin.tar.xz"
url_api = "https://api.github.com/repos/open-telemetry/weaver/releases/assets/608793669"
provenance = "github-attestations"

[tools."github:open-telemetry/weaver"."platforms.macos-x64"]
checksum = "sha256:b5a01ddd360bd27676732fc44922c1fe9e5f494db24c4d353e66e9b97533b70e"
url = "https://github.com/open-telemetry/weaver/releases/download/v0.27.0/weaver-x86_64-apple-darwin.tar.xz"
url_api = "https://api.github.com/repos/open-telemetry/weaver/releases/assets/608793699"
provenance = "github-attestations"

[tools."github:open-telemetry/weaver"."platforms.macos-x64-baseline"]
checksum = "sha256:b5a01ddd360bd27676732fc44922c1fe9e5f494db24c4d353e66e9b97533b70e"
url = "https://github.com/open-telemetry/weaver/releases/download/v0.27.0/weaver-x86_64-apple-darwin.tar.xz"
url_api = "https://api.github.com/repos/open-telemetry/weaver/releases/assets/608793699"
provenance = "github-attestations"

[[tools.hk]]
version = "2.5.0"
backend = "packslip:github.com/jdx/hk"
specifiers = ["2.5.0"]

[tools.hk."platforms.linux-arm64"]
checksum = "sha256:c800091c414e1c8e8628137275d88c257bcfe0c35dd31d2762923a71dae7df7f"
url = "https://github.com/jdx/hk/releases/download/v2.5.0/hk-aarch64-unknown-linux-gnu.tar.gz"
signer = "sigstore-oidc:https://github.com/jdx/hk/.github/workflows/release.yml"
repository_ids = { repository = "922514152" }

[tools.hk."platforms.linux-arm64-musl"]
checksum = "sha256:1e839b96defad21b5118d9554f2146811a2ce8d8eef90b3da1d592834969b717"
url = "https://github.com/jdx/hk/releases/download/v2.5.0/hk-aarch64-unknown-linux-musl.tar.gz"
signer = "sigstore-oidc:https://github.com/jdx/hk/.github/workflows/release.yml"
repository_ids = { repository = "922514152" }

[tools.hk."platforms.linux-x64"]
checksum = "sha256:449b83c35ac3a460f80a4c9a41ad99430add8cf6caa6ceadc27e810feac3647d"
url = "https://github.com/jdx/hk/releases/download/v2.5.0/hk-x86_64-unknown-linux-gnu.tar.gz"
signer = "sigstore-oidc:https://github.com/jdx/hk/.github/workflows/release.yml"
repository_ids = { repository = "922514152" }

[tools.hk."platforms.linux-x64-baseline"]
checksum = "sha256:449b83c35ac3a460f80a4c9a41ad99430add8cf6caa6ceadc27e810feac3647d"
url = "https://github.com/jdx/hk/releases/download/v2.5.0/hk-x86_64-unknown-linux-gnu.tar.gz"
signer = "sigstore-oidc:https://github.com/jdx/hk/.github/workflows/release.yml"
repository_ids = { repository = "922514152" }

[tools.hk."platforms.linux-x64-musl"]
checksum = "sha256:55b349ed8ebbb9cc11e3ff7f741230035061e45621c0b2c87fffeeb37fadcfd0"
url = "https://github.com/jdx/hk/releases/download/v2.5.0/hk-x86_64-unknown-linux-musl.tar.gz"
signer = "sigstore-oidc:https://github.com/jdx/hk/.github/workflows/release.yml"
repository_ids = { repository = "922514152" }

[tools.hk."platforms.linux-x64-musl-baseline"]
checksum = "sha256:55b349ed8ebbb9cc11e3ff7f741230035061e45621c0b2c87fffeeb37fadcfd0"
url = "https://github.com/jdx/hk/releases/download/v2.5.0/hk-x86_64-unknown-linux-musl.tar.gz"
signer = "sigstore-oidc:https://github.com/jdx/hk/.github/workflows/release.yml"
repository_ids = { repository = "922514152" }

[tools.hk."platforms.macos-arm64"]
checksum = "sha256:fabbed3a44e72c601759fa81d56f3c9403ca466853bdf77e87cc69d986cb151a"
url = "https://github.com/jdx/hk/releases/download/v2.5.0/hk-aarch64-apple-darwin.tar.gz"
signer = "sigstore-oidc:https://github.com/jdx/hk/.github/workflows/release.yml"
repository_ids = { repository = "922514152" }

[[tools.mr-boxington]]
version = "1.22.0"
backend = "packslip:github.com/jdx/mr-boxington"
specifiers = ["1.22.0"]

[tools.mr-boxington."platforms.linux-arm64"]
checksum = "sha256:b7a23503d9efcb31941e1e68b78f8b33643a056f22d39cff745dab6f17edb652"
url = "https://github.com/jdx/mr-boxington/releases/download/v1.22.0/mbx-aarch64-unknown-linux-gnu.tar.gz"
signer = "sigstore-oidc:https://github.com/jdx/mr-boxington/.github/workflows/release.yml"
repository_ids = { repository = "1340721957" }

[tools.mr-boxington."platforms.linux-arm64-musl"]
checksum = "sha256:ae4d66308c706ffbf912beb45b3166cf1cfda4d3efd23273262791235d0accf5"
url = "https://github.com/jdx/mr-boxington/releases/download/v1.22.0/mbx-aarch64-unknown-linux-musl.tar.gz"
signer = "sigstore-oidc:https://github.com/jdx/mr-boxington/.github/workflows/release.yml"
repository_ids = { repository = "1340721957" }

[tools.mr-boxington."platforms.linux-x64"]
checksum = "sha256:eb3e8c74277dcc8314227ba2cd32ef00a9a362ec8a90cd06ef6580eb48a6b375"
url = "https://github.com/jdx/mr-boxington/releases/download/v1.22.0/mbx-x86_64-unknown-linux-gnu.tar.gz"
signer = "sigstore-oidc:https://github.com/jdx/mr-boxington/.github/workflows/release.yml"
repository_ids = { repository = "1340721957" }

[tools.mr-boxington."platforms.linux-x64-baseline"]
checksum = "sha256:eb3e8c74277dcc8314227ba2cd32ef00a9a362ec8a90cd06ef6580eb48a6b375"
url = "https://github.com/jdx/mr-boxington/releases/download/v1.22.0/mbx-x86_64-unknown-linux-gnu.tar.gz"
signer = "sigstore-oidc:https://github.com/jdx/mr-boxington/.github/workflows/release.yml"
repository_ids = { repository = "1340721957" }

[tools.mr-boxington."platforms.linux-x64-musl"]
checksum = "sha256:c375135e2a3916f58da1b47537b6a954159eeacd55523d9a618b42259bd89014"
url = "https://github.com/jdx/mr-boxington/releases/download/v1.22.0/mbx-x86_64-unknown-linux-musl.tar.gz"
signer = "sigstore-oidc:https://github.com/jdx/mr-boxington/.github/workflows/release.yml"
repository_ids = { repository = "1340721957" }

[tools.mr-boxington."platforms.linux-x64-musl-baseline"]
checksum = "sha256:c375135e2a3916f58da1b47537b6a954159eeacd55523d9a618b42259bd89014"
url = "https://github.com/jdx/mr-boxington/releases/download/v1.22.0/mbx-x86_64-unknown-linux-musl.tar.gz"
signer = "sigstore-oidc:https://github.com/jdx/mr-boxington/.github/workflows/release.yml"
repository_ids = { repository = "1340721957" }

[tools.mr-boxington."platforms.macos-arm64"]
checksum = "sha256:e548b5758498cf822a180b6328597e6aded8fe9bb3046cd918399172ae30dde2"
url = "https://github.com/jdx/mr-boxington/releases/download/v1.22.0/mbx-aarch64-apple-darwin.tar.gz"
signer = "sigstore-oidc:https://github.com/jdx/mr-boxington/.github/workflows/release.yml"
repository_ids = { repository = "1340721957" }

[[tools.node]]
version = "26.10.0"
backend = "core:node"
specifiers = ["26.10.0"]

[tools.node."platforms.linux-arm64"]
checksum = "sha256:423a41bff8e2a2fa15e702fefe2919ef95823b2378744daccb8439302534b44f"
url = "https://nodejs.org/dist/v26.10.0/node-v26.10.0-linux-arm64.tar.gz"

[tools.node."platforms.linux-arm64-musl"]
checksum = "sha256:d26027bff3197050d2a2b0bfa151b18e8378ed81affa2bf5093804db158979b6"
url = "https://unofficial-builds.nodejs.org/download/release/v26.10.0/node-v26.10.0-linux-arm64-musl.tar.gz"

[tools.node."platforms.linux-x64"]
checksum = "sha256:cb5c9ce9c80d7b8821e3a258543c71b939138cf17c74d5cc44bbe85d6dbc5ad8"
url = "https://nodejs.org/dist/v26.10.0/node-v26.10.0-linux-x64.tar.gz"

[tools.node."platforms.linux-x64-baseline"]
checksum = "sha256:cb5c9ce9c80d7b8821e3a258543c71b939138cf17c74d5cc44bbe85d6dbc5ad8"
url = "https://nodejs.org/dist/v26.10.0/node-v26.10.0-linux-x64.tar.gz"

[tools.node."platforms.linux-x64-musl"]
checksum = "sha256:e42da94821b9422eb76bf5aaf4de0977e04ba320b8aff6148d895a94b08ee223"
url = "https://unofficial-builds.nodejs.org/download/release/v26.10.0/node-v26.10.0-linux-x64-musl.tar.gz"

[tools.node."platforms.linux-x64-musl-baseline"]
checksum = "sha256:e42da94821b9422eb76bf5aaf4de0977e04ba320b8aff6148d895a94b08ee223"
url = "https://unofficial-builds.nodejs.org/download/release/v26.10.0/node-v26.10.0-linux-x64-musl.tar.gz"

[tools.node."platforms.macos-arm64"]
checksum = "sha256:751fdf7439f115d87ee2a8f3f18c065b6151852068e3e666ac60ac2996f75ac9"
url = "https://nodejs.org/dist/v26.10.0/node-v26.10.0-darwin-arm64.tar.gz"

[tools.node."platforms.macos-x64"]
checksum = "sha256:ebbe9ab9b58ad6bb54390d6e2c862c1afa7d4475fb7e8ae8146acde211bf70df"
url = "https://nodejs.org/dist/v26.10.0/node-v26.10.0-darwin-x64.tar.gz"

[tools.node."platforms.macos-x64-baseline"]
checksum = "sha256:ebbe9ab9b58ad6bb54390d6e2c862c1afa7d4475fb7e8ae8146acde211bf70df"
url = "https://nodejs.org/dist/v26.10.0/node-v26.10.0-darwin-x64.tar.gz"

[[tools.periphery]]
version = "3.8.0"
backend = "aqua:peripheryapp/periphery"
specifiers = ["3.8.0"]

[tools.periphery."platforms.macos-arm64"]
checksum = "sha256:07d4e286e31dd79164df39097e0b59f533c94badbe18158464a455ea88a166d7"
url = "https://github.com/peripheryapp/periphery/releases/download/3.8.0/periphery-3.8.0.zip"
url_api = "https://api.github.com/repos/peripheryapp/periphery/releases/assets/489291944"

[tools.periphery."platforms.macos-x64"]
checksum = "sha256:07d4e286e31dd79164df39097e0b59f533c94badbe18158464a455ea88a166d7"
url = "https://github.com/peripheryapp/periphery/releases/download/3.8.0/periphery-3.8.0.zip"
url_api = "https://api.github.com/repos/peripheryapp/periphery/releases/assets/489291944"

[tools.periphery."platforms.macos-x64-baseline"]
checksum = "sha256:07d4e286e31dd79164df39097e0b59f533c94badbe18158464a455ea88a166d7"
url = "https://github.com/peripheryapp/periphery/releases/download/3.8.0/periphery-3.8.0.zip"
url_api = "https://api.github.com/repos/peripheryapp/periphery/releases/assets/489291944"

[[tools."pipx:fsfe/reuse-tool"]]
version = "v6.2.0"
backend = "pipx:fsfe/reuse-tool"
specifiers = ["v6.2.0"]

[tools."pipx:fsfe/reuse-tool".options]
extras = "charset-normalizer"
package_name = "reuse"

[[tools.python]]
version = "3.14.8"
backend = "core:python"
specifiers = ["3.14.8"]

[tools.python."platforms.linux-arm64"]
checksum = "sha256:ece2bf3d4b47c80c2403c5f32fa51a9458abaee93c10def8acafb5f45163e77d"
url = "https://github.com/astral-sh/python-build-standalone/releases/download/20261003/cpython-3.14.8+20261003-aarch64-unknown-linux-gnu-install_only_stripped.tar.gz"
provenance = "github-attestations"

[tools.python."platforms.linux-arm64-musl"]
checksum = "sha256:03267c0737a0a54572024a935579ffce26ebb5ba8a5089645ddae29d97ac6312"
url = "https://github.com/astral-sh/python-build-standalone/releases/download/20261003/cpython-3.14.8+20261003-aarch64-unknown-linux-musl-install_only_stripped.tar.gz"
provenance = "github-attestations"

[tools.python."platforms.linux-x64"]
checksum = "sha256:d9ec7a6935ade8b671a57ebaf111083d7314eab8dae5071d167054dadd2b97d6"
url = "https://github.com/astral-sh/python-build-standalone/releases/download/20261003/cpython-3.14.8+20261003-x86_64-unknown-linux-gnu-install_only_stripped.tar.gz"
provenance = "github-attestations"

[tools.python."platforms.linux-x64-baseline"]
checksum = "sha256:d9ec7a6935ade8b671a57ebaf111083d7314eab8dae5071d167054dadd2b97d6"
url = "https://github.com/astral-sh/python-build-standalone/releases/download/20261003/cpython-3.14.8+20261003-x86_64-unknown-linux-gnu-install_only_stripped.tar.gz"
provenance = "github-attestations"

[tools.python."platforms.linux-x64-musl"]
checksum = "sha256:c1a91a426d70208a478c1b73c1348955a702de2da0308de89672c1f3972eaa70"
url = "https://github.com/astral-sh/python-build-standalone/releases/download/20261003/cpython-3.14.8+20261003-x86_64-unknown-linux-musl-install_only_stripped.tar.gz"
provenance = "github-attestations"

[tools.python."platforms.linux-x64-musl-baseline"]
checksum = "sha256:c1a91a426d70208a478c1b73c1348955a702de2da0308de89672c1f3972eaa70"
url = "https://github.com/astral-sh/python-build-standalone/releases/download/20261003/cpython-3.14.8+20261003-x86_64-unknown-linux-musl-install_only_stripped.tar.gz"
provenance = "github-attestations"

[tools.python."platforms.macos-arm64"]
checksum = "sha256:ed14e9042f36c0aa18383f5d9729bcbf17847e842666a793b5a5a5d8505c0ca1"
url = "https://github.com/astral-sh/python-build-standalone/releases/download/20261003/cpython-3.14.8+20261003-aarch64-apple-darwin-install_only_stripped.tar.gz"
provenance = "github-attestations"

[tools.python."platforms.macos-x64"]
checksum = "sha256:08310045a2611bad730d7c1a01e847a1ea729d9dcfe29110ca67cbdf3998bb54"
url = "https://github.com/astral-sh/python-build-standalone/releases/download/20261003/cpython-3.14.8+20261003-x86_64-apple-darwin-install_only_stripped.tar.gz"
provenance = "github-attestations"

[tools.python."platforms.macos-x64-baseline"]
checksum = "sha256:08310045a2611bad730d7c1a01e847a1ea729d9dcfe29110ca67cbdf3998bb54"
url = "https://github.com/astral-sh/python-build-standalone/releases/download/20261003/cpython-3.14.8+20261003-x86_64-apple-darwin-install_only_stripped.tar.gz"
provenance = "github-attestations"

[[tools.rust]]
version = "1.99.0"
backend = "core:rust"
specifiers = [
    "1.99.0",
    "latest",
]

[[tools.rust]]
version = "1.99.0"
backend = "core:rust"
specifiers = ["1.99.0"]

[tools.rust.options]
components = "clippy,rustfmt"
targets = "aarch64-unknown-linux-gnu,x86_64-unknown-linux-gnu"

[[tools.shellcheck]]
version = "0.11.0"
backend = "aqua:koalaman/shellcheck"
specifiers = ["0.11.0"]

[tools.shellcheck."platforms.linux-arm64"]
checksum = "sha256:12b331c1d2db6b9eb13cfca64306b1b157a86eb69db83023e261eaa7e7c14588"
url = "https://github.com/koalaman/shellcheck/releases/download/v0.11.0/shellcheck-v0.11.0.linux.aarch64.tar.xz"
url_api = "https://api.github.com/repos/koalaman/shellcheck/releases/assets/279056934"

[tools.shellcheck."platforms.linux-arm64-musl"]
checksum = "sha256:12b331c1d2db6b9eb13cfca64306b1b157a86eb69db83023e261eaa7e7c14588"
url = "https://github.com/koalaman/shellcheck/releases/download/v0.11.0/shellcheck-v0.11.0.linux.aarch64.tar.xz"
url_api = "https://api.github.com/repos/koalaman/shellcheck/releases/assets/279056934"

[tools.shellcheck."platforms.linux-x64"]
checksum = "sha256:8c3be12b05d5c177a04c29e3c78ce89ac86f1595681cab149b65b97c4e227198"
url = "https://github.com/koalaman/shellcheck/releases/download/v0.11.0/shellcheck-v0.11.0.linux.x86_64.tar.xz"
url_api = "https://api.github.com/repos/koalaman/shellcheck/releases/assets/279056942"

[tools.shellcheck."platforms.linux-x64-baseline"]
checksum = "sha256:8c3be12b05d5c177a04c29e3c78ce89ac86f1595681cab149b65b97c4e227198"
url = "https://github.com/koalaman/shellcheck/releases/download/v0.11.0/shellcheck-v0.11.0.linux.x86_64.tar.xz"
url_api = "https://api.github.com/repos/koalaman/shellcheck/releases/assets/279056942"

[tools.shellcheck."platforms.linux-x64-musl"]
checksum = "sha256:8c3be12b05d5c177a04c29e3c78ce89ac86f1595681cab149b65b97c4e227198"
url = "https://github.com/koalaman/shellcheck/releases/download/v0.11.0/shellcheck-v0.11.0.linux.x86_64.tar.xz"
url_api = "https://api.github.com/repos/koalaman/shellcheck/releases/assets/279056942"

[tools.shellcheck."platforms.linux-x64-musl-baseline"]
checksum = "sha256:8c3be12b05d5c177a04c29e3c78ce89ac86f1595681cab149b65b97c4e227198"
url = "https://github.com/koalaman/shellcheck/releases/download/v0.11.0/shellcheck-v0.11.0.linux.x86_64.tar.xz"
url_api = "https://api.github.com/repos/koalaman/shellcheck/releases/assets/279056942"

[tools.shellcheck."platforms.macos-arm64"]
checksum = "sha256:56affdd8de5527894dca6dc3d7e0a99a873b0f004d7aabc30ae407d3f48b0a79"
url = "https://github.com/koalaman/shellcheck/releases/download/v0.11.0/shellcheck-v0.11.0.darwin.aarch64.tar.xz"
url_api = "https://api.github.com/repos/koalaman/shellcheck/releases/assets/279056932"

[tools.shellcheck."platforms.macos-x64"]
checksum = "sha256:3c89db4edcab7cf1c27bff178882e0f6f27f7afdf54e859fa041fca10febe4c6"
url = "https://github.com/koalaman/shellcheck/releases/download/v0.11.0/shellcheck-v0.11.0.darwin.x86_64.tar.xz"
url_api = "https://api.github.com/repos/koalaman/shellcheck/releases/assets/279056930"

[tools.shellcheck."platforms.macos-x64-baseline"]
checksum = "sha256:3c89db4edcab7cf1c27bff178882e0f6f27f7afdf54e859fa041fca10febe4c6"
url = "https://github.com/koalaman/shellcheck/releases/download/v0.11.0/shellcheck-v0.11.0.darwin.x86_64.tar.xz"
url_api = "https://api.github.com/repos/koalaman/shellcheck/releases/assets/279056930"

[[tools.swiftlint]]
version = "0.65.1"
backend = "aqua:realm/SwiftLint"
specifiers = ["0.65.1"]

[tools.swiftlint."platforms.linux-arm64"]
checksum = "sha256:9ffa52f478e6d8eb485d37d14715ffac90abc81c58f3370d598bf75be05605f8"
url = "https://github.com/realm/SwiftLint/releases/download/0.65.1/swiftlint_linux_arm64.zip"
url_api = "https://api.github.com/repos/realm/SwiftLint/releases/assets/524187588"

[tools.swiftlint."platforms.linux-arm64-musl"]
checksum = "sha256:9ffa52f478e6d8eb485d37d14715ffac90abc81c58f3370d598bf75be05605f8"
url = "https://github.com/realm/SwiftLint/releases/download/0.65.1/swiftlint_linux_arm64.zip"
url_api = "https://api.github.com/repos/realm/SwiftLint/releases/assets/524187588"

[tools.swiftlint."platforms.linux-x64"]
checksum = "sha256:caeed6f4a679c35539ffaf124f6c4ab4a8416917f7d8796279dc52b74026059d"
url = "https://github.com/realm/SwiftLint/releases/download/0.65.1/swiftlint_linux_amd64.zip"
url_api = "https://api.github.com/repos/realm/SwiftLint/releases/assets/524187586"

[tools.swiftlint."platforms.linux-x64-baseline"]
checksum = "sha256:caeed6f4a679c35539ffaf124f6c4ab4a8416917f7d8796279dc52b74026059d"
url = "https://github.com/realm/SwiftLint/releases/download/0.65.1/swiftlint_linux_amd64.zip"
url_api = "https://api.github.com/repos/realm/SwiftLint/releases/assets/524187586"

[tools.swiftlint."platforms.linux-x64-musl"]
checksum = "sha256:caeed6f4a679c35539ffaf124f6c4ab4a8416917f7d8796279dc52b74026059d"
url = "https://github.com/realm/SwiftLint/releases/download/0.65.1/swiftlint_linux_amd64.zip"
url_api = "https://api.github.com/repos/realm/SwiftLint/releases/assets/524187586"

[tools.swiftlint."platforms.linux-x64-musl-baseline"]
checksum = "sha256:caeed6f4a679c35539ffaf124f6c4ab4a8416917f7d8796279dc52b74026059d"
url = "https://github.com/realm/SwiftLint/releases/download/0.65.1/swiftlint_linux_amd64.zip"
url_api = "https://api.github.com/repos/realm/SwiftLint/releases/assets/524187586"

[tools.swiftlint."platforms.macos-arm64"]
checksum = "sha256:c1e429b0599cf1b516f369a2d9ec04eaf0e436f3c12b637df8851fa52ff694d0"
url = "https://github.com/realm/SwiftLint/releases/download/0.65.1/portable_swiftlint.zip"
url_api = "https://api.github.com/repos/realm/SwiftLint/releases/assets/524187565"

[tools.swiftlint."platforms.macos-x64"]
checksum = "sha256:c1e429b0599cf1b516f369a2d9ec04eaf0e436f3c12b637df8851fa52ff694d0"
url = "https://github.com/realm/SwiftLint/releases/download/0.65.1/portable_swiftlint.zip"
url_api = "https://api.github.com/repos/realm/SwiftLint/releases/assets/524187565"

[tools.swiftlint."platforms.macos-x64-baseline"]
checksum = "sha256:c1e429b0599cf1b516f369a2d9ec04eaf0e436f3c12b637df8851fa52ff694d0"
url = "https://github.com/realm/SwiftLint/releases/download/0.65.1/portable_swiftlint.zip"
url_api = "https://api.github.com/repos/realm/SwiftLint/releases/assets/524187565"

[[tools.syft]]
version = "1.54.0"
backend = "aqua:anchore/syft"
specifiers = ["1.54.0"]

[tools.syft."platforms.linux-arm64"]
checksum = "sha256:ee6d4566373a05b344bc6b5f1706f14419bf9338ba39ff686e247deefe9b8818"
url = "https://github.com/anchore/syft/releases/download/v1.54.0/syft_1.54.0_linux_arm64.tar.gz"
url_api = "https://api.github.com/repos/anchore/syft/releases/assets/604117598"

[tools.syft."platforms.linux-arm64-musl"]
checksum = "sha256:ee6d4566373a05b344bc6b5f1706f14419bf9338ba39ff686e247deefe9b8818"
url = "https://github.com/anchore/syft/releases/download/v1.54.0/syft_1.54.0_linux_arm64.tar.gz"
url_api = "https://api.github.com/repos/anchore/syft/releases/assets/604117598"

[tools.syft."platforms.linux-x64"]
checksum = "sha256:54a87372498168b2d033e876fd41fa4e8035b872699e525a57046e1f2f09c860"
url = "https://github.com/anchore/syft/releases/download/v1.54.0/syft_1.54.0_linux_amd64.tar.gz"
url_api = "https://api.github.com/repos/anchore/syft/releases/assets/604117627"

[tools.syft."platforms.linux-x64-baseline"]
checksum = "sha256:54a87372498168b2d033e876fd41fa4e8035b872699e525a57046e1f2f09c860"
url = "https://github.com/anchore/syft/releases/download/v1.54.0/syft_1.54.0_linux_amd64.tar.gz"
url_api = "https://api.github.com/repos/anchore/syft/releases/assets/604117627"

[tools.syft."platforms.linux-x64-musl"]
checksum = "sha256:54a87372498168b2d033e876fd41fa4e8035b872699e525a57046e1f2f09c860"
url = "https://github.com/anchore/syft/releases/download/v1.54.0/syft_1.54.0_linux_amd64.tar.gz"
url_api = "https://api.github.com/repos/anchore/syft/releases/assets/604117627"

[tools.syft."platforms.linux-x64-musl-baseline"]
checksum = "sha256:54a87372498168b2d033e876fd41fa4e8035b872699e525a57046e1f2f09c860"
url = "https://github.com/anchore/syft/releases/download/v1.54.0/syft_1.54.0_linux_amd64.tar.gz"
url_api = "https://api.github.com/repos/anchore/syft/releases/assets/604117627"

[tools.syft."platforms.macos-arm64"]
checksum = "sha256:7e0bdad94c569fc6d5785c9a657bbae3d4c4e140ccb5eace3d0b5b6bc2b6dbcf"
url = "https://github.com/anchore/syft/releases/download/v1.54.0/syft_1.54.0_darwin_arm64.tar.gz"
url_api = "https://api.github.com/repos/anchore/syft/releases/assets/604117599"

[tools.syft."platforms.macos-x64"]
checksum = "sha256:22b71725e388a4c0de385249c4bc1044f78a870f2894f34b43ba957e792145d7"
url = "https://github.com/anchore/syft/releases/download/v1.54.0/syft_1.54.0_darwin_amd64.tar.gz"
url_api = "https://api.github.com/repos/anchore/syft/releases/assets/604117610"

[tools.syft."platforms.macos-x64-baseline"]
checksum = "sha256:22b71725e388a4c0de385249c4bc1044f78a870f2894f34b43ba957e792145d7"
url = "https://github.com/anchore/syft/releases/download/v1.54.0/syft_1.54.0_darwin_amd64.tar.gz"
url_api = "https://api.github.com/repos/anchore/syft/releases/assets/604117610"

[[tools.uv]]
version = "0.12.23"
backend = "aqua:astral-sh/uv"
specifiers = ["0.12.23"]

[tools.uv."platforms.linux-arm64"]
checksum = "sha256:6524bd338177ed50d035d39354e12545e993bbeba2ecbddf0480c5b3a81d313f"
url = "https://github.com/astral-sh/uv/releases/download/0.12.23/uv-aarch64-unknown-linux-gnu.tar.gz"
url_api = "https://api.github.com/repos/astral-sh/uv/releases/assets/608232491"
provenance = "github-attestations"

[tools.uv."platforms.linux-arm64-musl"]
checksum = "sha256:b536543cc4d50661986b165c76ee8aa9056e4fa332edcd153ff2e98760f9359b"
url = "https://github.com/astral-sh/uv/releases/download/0.12.23/uv-aarch64-unknown-linux-musl.tar.gz"
url_api = "https://api.github.com/repos/astral-sh/uv/releases/assets/608232500"
provenance = "github-attestations"

[tools.uv."platforms.linux-x64"]
checksum = "sha256:9167d72b3319674b6303c4cbe071854bba13ebdf3d76b1a7cbdc175471fb66d6"
url = "https://github.com/astral-sh/uv/releases/download/0.12.23/uv-x86_64-unknown-linux-gnu.tar.gz"
url_api = "https://api.github.com/repos/astral-sh/uv/releases/assets/608232628"
provenance = "github-attestations"

[tools.uv."platforms.linux-x64-baseline"]
checksum = "sha256:9167d72b3319674b6303c4cbe071854bba13ebdf3d76b1a7cbdc175471fb66d6"
url = "https://github.com/astral-sh/uv/releases/download/0.12.23/uv-x86_64-unknown-linux-gnu.tar.gz"
url_api = "https://api.github.com/repos/astral-sh/uv/releases/assets/608232628"
provenance = "github-attestations"

[tools.uv."platforms.linux-x64-musl"]
checksum = "sha256:1cff8783850e794470aadb73f54b749542a511fc57b0ce6468b64bd3852e0ade"
url = "https://github.com/astral-sh/uv/releases/download/0.12.23/uv-x86_64-unknown-linux-musl.tar.gz"
url_api = "https://api.github.com/repos/astral-sh/uv/releases/assets/608232639"
provenance = "github-attestations"

[tools.uv."platforms.linux-x64-musl-baseline"]
checksum = "sha256:1cff8783850e794470aadb73f54b749542a511fc57b0ce6468b64bd3852e0ade"
url = "https://github.com/astral-sh/uv/releases/download/0.12.23/uv-x86_64-unknown-linux-musl.tar.gz"
url_api = "https://api.github.com/repos/astral-sh/uv/releases/assets/608232639"
provenance = "github-attestations"

[tools.uv."platforms.macos-arm64"]
checksum = "sha256:50487ae565ccd96e499056b4674d438f4c53170202617b4c759defe0c6a1b544"
url = "https://github.com/astral-sh/uv/releases/download/0.12.23/uv-aarch64-apple-darwin.tar.gz"
url_api = "https://api.github.com/repos/astral-sh/uv/releases/assets/608232483"
provenance = "github-attestations"

[tools.uv."platforms.macos-x64"]
checksum = "sha256:960da44cb4b73685206ddd250b19e0a117fa41095710c1038f081f5cb613efb4"
url = "https://github.com/astral-sh/uv/releases/download/0.12.23/uv-x86_64-apple-darwin.tar.gz"
url_api = "https://api.github.com/repos/astral-sh/uv/releases/assets/608232607"
provenance = "github-attestations"

[tools.uv."platforms.macos-x64-baseline"]
checksum = "sha256:960da44cb4b73685206ddd250b19e0a117fa41095710c1038f081f5cb613efb4"
url = "https://github.com/astral-sh/uv/releases/download/0.12.23/uv-x86_64-apple-darwin.tar.gz"
url_api = "https://api.github.com/repos/astral-sh/uv/releases/assets/608232607"
provenance = "github-attestations"

[[tools.xcbeautify]]
version = "3.2.1"
backend = "aqua:cpisciotta/xcbeautify"
specifiers = ["3.2.1"]

[tools.xcbeautify."platforms.linux-x64"]
checksum = "sha256:5302e480b01910fcda9071fcc5a64f0a7fce904965834a1e9ed065bc9638bfe9"
url = "https://github.com/cpisciotta/xcbeautify/releases/download/3.2.1/xcbeautify-3.2.1-x86_64-unknown-linux-gnu.tar.xz"
url_api = "https://api.github.com/repos/cpisciotta/xcbeautify/releases/assets/388373840"

[tools.xcbeautify."platforms.linux-x64-baseline"]
checksum = "sha256:5302e480b01910fcda9071fcc5a64f0a7fce904965834a1e9ed065bc9638bfe9"
url = "https://github.com/cpisciotta/xcbeautify/releases/download/3.2.1/xcbeautify-3.2.1-x86_64-unknown-linux-gnu.tar.xz"
url_api = "https://api.github.com/repos/cpisciotta/xcbeautify/releases/assets/388373840"

[tools.xcbeautify."platforms.linux-x64-musl"]
checksum = "sha256:5302e480b01910fcda9071fcc5a64f0a7fce904965834a1e9ed065bc9638bfe9"
url = "https://github.com/cpisciotta/xcbeautify/releases/download/3.2.1/xcbeautify-3.2.1-x86_64-unknown-linux-gnu.tar.xz"
url_api = "https://api.github.com/repos/cpisciotta/xcbeautify/releases/assets/388373840"

[tools.xcbeautify."platforms.linux-x64-musl-baseline"]
checksum = "sha256:5302e480b01910fcda9071fcc5a64f0a7fce904965834a1e9ed065bc9638bfe9"
url = "https://github.com/cpisciotta/xcbeautify/releases/download/3.2.1/xcbeautify-3.2.1-x86_64-unknown-linux-gnu.tar.xz"
url_api = "https://api.github.com/repos/cpisciotta/xcbeautify/releases/assets/388373840"

[tools.xcbeautify."platforms.macos-arm64"]
checksum = "sha256:ed32972e41bc3aa19588f8b0f4a0209ef70c663ad60bbf4ad84a2de73355d637"
url = "https://github.com/cpisciotta/xcbeautify/releases/download/3.2.1/xcbeautify-3.2.1-arm64-apple-macosx.zip"
url_api = "https://api.github.com/repos/cpisciotta/xcbeautify/releases/assets/388376615"

[tools.xcbeautify."platforms.macos-x64"]
checksum = "sha256:ba65e8efc2ebe8c6f13393aaeb88a0ff849278d9480ee1496affaa3db781ac6e"
url = "https://github.com/cpisciotta/xcbeautify/releases/download/3.2.1/xcbeautify-3.2.1-x86_64-apple-macosx.zip"
url_api = "https://api.github.com/repos/cpisciotta/xcbeautify/releases/assets/388376611"

[tools.xcbeautify."platforms.macos-x64-baseline"]
checksum = "sha256:ba65e8efc2ebe8c6f13393aaeb88a0ff849278d9480ee1496affaa3db781ac6e"
url = "https://github.com/cpisciotta/xcbeautify/releases/download/3.2.1/xcbeautify-3.2.1-x86_64-apple-macosx.zip"
url_api = "https://api.github.com/repos/cpisciotta/xcbeautify/releases/assets/388376611"

[[tools.xcodegen]]
version = "2.46.0"
backend = "aqua:yonaskolb/XcodeGen"
specifiers = ["2.46.0"]

[tools.xcodegen."platforms.macos-arm64"]
checksum = "sha256:4d9e34b62172d645eed6457cac13fc222569974098ef4ee9c3368bedf0196806"
url = "https://github.com/yonaskolb/XcodeGen/releases/download/2.46.0/xcodegen.zip"
url_api = "https://api.github.com/repos/yonaskolb/XcodeGen/releases/assets/478866069"

[tools.xcodegen."platforms.macos-x64"]
checksum = "sha256:4d9e34b62172d645eed6457cac13fc222569974098ef4ee9c3368bedf0196806"
url = "https://github.com/yonaskolb/XcodeGen/releases/download/2.46.0/xcodegen.zip"
url_api = "https://api.github.com/repos/yonaskolb/XcodeGen/releases/assets/478866069"

[tools.xcodegen."platforms.macos-x64-baseline"]
checksum = "sha256:4d9e34b62172d645eed6457cac13fc222569974098ef4ee9c3368bedf0196806"
url = "https://github.com/yonaskolb/XcodeGen/releases/download/2.46.0/xcodegen.zip"
url_api = "https://api.github.com/repos/yonaskolb/XcodeGen/releases/assets/478866069"

[[tools.zig]]
version = "0.17.0"
backend = "core:zig"
specifiers = ["0.17.0"]

[tools.zig."platforms.linux-arm64"]
checksum = "sha256:9e8d11661d4ae3bd57702a3832781e23ad151dde5798e16a5ccd503f65234ff8"
url = "https://ziglang.org/download/0.17.0/zig-aarch64-linux-0.17.0.tar.xz"

[tools.zig."platforms.linux-arm64-musl"]
checksum = "sha256:9e8d11661d4ae3bd57702a3832781e23ad151dde5798e16a5ccd503f65234ff8"
url = "https://ziglang.org/download/0.17.0/zig-aarch64-linux-0.17.0.tar.xz"

[tools.zig."platforms.linux-x64"]
checksum = "sha256:1cbe9df9f27e6b78d14ccbca43b6703a404ef79ef1c463de901d7f088d4e2026"
url = "https://ziglang.org/download/0.17.0/zig-x86_64-linux-0.17.0.tar.xz"

[tools.zig."platforms.linux-x64-baseline"]
checksum = "sha256:1cbe9df9f27e6b78d14ccbca43b6703a404ef79ef1c463de901d7f088d4e2026"
url = "https://ziglang.org/download/0.17.0/zig-x86_64-linux-0.17.0.tar.xz"

[tools.zig."platforms.linux-x64-musl"]
checksum = "sha256:1cbe9df9f27e6b78d14ccbca43b6703a404ef79ef1c463de901d7f088d4e2026"
url = "https://ziglang.org/download/0.17.0/zig-x86_64-linux-0.17.0.tar.xz"

[tools.zig."platforms.linux-x64-musl-baseline"]
checksum = "sha256:1cbe9df9f27e6b78d14ccbca43b6703a404ef79ef1c463de901d7f088d4e2026"
url = "https://ziglang.org/download/0.17.0/zig-x86_64-linux-0.17.0.tar.xz"

[tools.zig."platforms.macos-arm64"]
checksum = "sha256:b607e9b9234790a008116ae5bdb71c6243b84b9fb42a53a9e70fde41c06c536a"
url = "https://ziglang.org/download/0.17.0/zig-aarch64-macos-0.17.0.tar.xz"
provenance = "minisign"

[tools.zig."platforms.macos-x64"]
checksum = "sha256:4f9a1c5269aa17ebda5e6d3c2b89d6cbf36f7d2b22a0306e9ab98f25f95529c6"
url = "https://ziglang.org/download/0.17.0/zig-x86_64-macos-0.17.0.tar.xz"

[tools.zig."platforms.macos-x64-baseline"]
checksum = "sha256:4f9a1c5269aa17ebda5e6d3c2b89d6cbf36f7d2b22a0306e9ab98f25f95529c6"
url = "https://ziglang.org/download/0.17.0/zig-x86_64-macos-0.17.0.tar.xz"
